{
    "name": "de.sumup.test",
    "version": "1.0.0",
    "lockfileVersion": 1,
    "requires": true,
    "dependencies": {
        "cordova-sumup-plugin": {
            "version": "1.0.2",
            "resolved": "https://registry.npmjs.org/cordova-sumup-plugin/-/cordova-sumup-plugin-1.0.2.tgz",
            "integrity": "sha512-X4FIkvsfpnes3Ch+ecZd7v/9o5NUnzF9I6xZYdD0DeWIKcS4vnZAV63oMGrcmdUCreG5xEd4Y3j5zMFTuPL5iw=="
        }
    }
}
